
Microsoft Visual Studio Solution File, Format Version 12.00
# Visual Studio 15
VisualStudioVersion = 15.0.26430.6
MinimumVisualStudioVersion = 10.0.40219.1
Project("{FAE04EC0-301F-11D3-BF4B-00C04F79EFBC}") = "LEAP_Identity_Exercise2_FullFramework", "LEAP_Identity_Exercise2_FullFramework.csproj", "{22892A49-6EEF-47CE-95FD-86F702F6437E}"
EndProject
Global
	GlobalSection(SolutionConfigurationPlatforms) = preSolution
		Debug|Any CPU = Debug|Any CPU
		Release|Any CPU = Release|Any CPU
	EndGlobalSection
	GlobalSection(ProjectConfigurationPlatforms) = postSolution
		{22892A49-6EEF-47CE-95FD-86F702F6437E}.Debug|Any CPU.ActiveCfg = Debug|Any CPU
		{22892A49-6EEF-47CE-95FD-86F702F6437E}.Debug|Any CPU.Build.0 = Debug|Any CPU
		{22892A49-6EEF-47CE-95FD-86F702F6437E}.Release|Any CPU.ActiveCfg = Release|Any CPU
		{22892A49-6EEF-47CE-95FD-86F702F6437E}.Release|Any CPU.Build.0 = Release|Any CPU
	EndGlobalSection
	GlobalSection(SolutionProperties) = preSolution
		HideSolutionNode = FALSE
	EndGlobalSection
EndGlobal
